
Microsoft Visual Studio Solution File, Format Version 12.00
# Visual Studio Version 16
VisualStudioVersion = 16.0.29519.181
MinimumVisualStudioVersion = 10.0.40219.1
Project("{FAE04EC0-301F-11D3-BF4B-00C04F79EFBC}") = "ContentViewMvvm", "ContentViewMvvm\ContentViewMvvm\ContentViewMvvm.csproj", "{6131394F-0DEE-4ED4-AAA0-100E556E76E7}"
EndProject
Project("{FAE04EC0-301F-11D3-BF4B-00C04F79EFBC}") = "ContentViewMvvm.Android", "ContentViewMvvm\ContentViewMvvm.Android\ContentViewMvvm.Android.csproj", "{0FB58965-C5C8-4B12-9400-E15D8A61CC5D}"
EndProject
Project("{FAE04EC0-301F-11D3-BF4B-00C04F79EFBC}") = "ContentViewMvvm.iOS", "ContentViewMvvm\ContentViewMvvm.iOS\ContentViewMvvm.iOS.csproj", "{61E0ABBB-251C-4442-91A7-209A8AC0EF7F}"
EndProject
Project("{FAE04EC0-301F-11D3-BF4B-00C04F79EFBC}") = "ContentViewMvvm.UWP", "ContentViewMvvm\ContentViewMvvm.UWP\ContentViewMvvm.UWP.csproj", "{31E35156-7DEE-4934-BF04-1B86C0F48F58}"
EndProject
Global
	GlobalSection(SolutionConfigurationPlatforms) = preSolution
		Ad-Hoc|Any CPU = Ad-Hoc|Any CPU
		Ad-Hoc|ARM = Ad-Hoc|ARM
		Ad-Hoc|iPhone = Ad-Hoc|iPhone
		Ad-Hoc|iPhoneSimulator = Ad-Hoc|iPhoneSimulator
		Ad-Hoc|x64 = Ad-Hoc|x64
		Ad-Hoc|x86 = Ad-Hoc|x86
		AppStore|Any CPU = AppStore|Any CPU
		AppStore|ARM = AppStore|ARM
		AppStore|iPhone = AppStore|iPhone
		AppStore|iPhoneSimulator = AppStore|iPhoneSimulator
		AppStore|x64 = AppStore|x64
		AppStore|x86 = AppStore|x86
		Debug|Any CPU = Debug|Any CPU
		Debug|ARM = Debug|ARM
		Debug|iPhone = Debug|iPhone
		Debug|iPhoneSimulator = Debug|iPhoneSimulator
		Debug|x64 = Debug|x64
		Debug|x86 = Debug|x86
		Release|Any CPU = Release|Any CPU
		Release|ARM = Release|ARM
		Release|iPhone = Release|iPhone
		Release|iPhoneSimulator = Release|iPhoneSimulator
		Release|x64 = Release|x64
		Release|x86 = Release|x86
	EndGlobalSection
	GlobalSection(ProjectConfigurationPlatforms) = postSolution
		{6131394F-0DEE-4ED4-AAA0-100E556E76E7}.Ad-Hoc|Any CPU.ActiveCfg = Debug|Any CPU
		{6131394F-0DEE-4ED4-AAA0-100E556E76E7}.Ad-Hoc|Any CPU.Build.0 = Debug|Any CPU
		{6131394F-0DEE-4ED4-AAA0-100E556E76E7}.Ad-Hoc|ARM.ActiveCfg = Debug|Any CPU
		{6131394F-0DEE-4ED4-AAA0-100E556E76E7}.Ad-Hoc|ARM.Build.0 = Debug|Any CPU
		{6131394F-0DEE-4ED4-AAA0-100E556E76E7}.Ad-Hoc|iPhone.ActiveCfg = Debug|Any CPU
		{6131394F-0DEE-4ED4-AAA0-100E556E76E7}.Ad-Hoc|iPhone.Build.0 = Debug|Any CPU
		{6131394F-0DEE-4ED4-AAA0-100E556E76E7}.Ad-Hoc|iPhoneSimulator.ActiveCfg = Debug|Any CPU
		{6131394F-0DEE-4ED4-AAA0-100E556E76E7}.Ad-Hoc|iPhoneSimulator.Build.0 = Debug|Any CPU
		{6131394F-0DEE-4ED4-AAA0-100E556E76E7}.Ad-Hoc|x64.ActiveCfg = Debug|Any CPU
		{6131394F-0DEE-4ED4-AAA0-100E556E76E7}.Ad-Hoc|x64.Build.0 = Debug|Any CPU
		{6131394F-0DEE-4ED4-AAA0-100E556E76E7}.Ad-Hoc|x86.ActiveCfg = Debug|Any CPU
		{6131394F-0DEE-4ED4-AAA0-100E556E76E7}.Ad-Hoc|x86.Build.0 = Debug|Any CPU
		{6131394F-0DEE-4ED4-AAA0-100E556E76E7}.AppStore|Any CPU.ActiveCfg = Debug|Any CPU
		{6131394F-0DEE-4ED4-AAA0-100E556E76E7}.AppStore|Any CPU.Build.0 = Debug|Any CPU
		{6131394F-0DEE-4ED4-AAA0-100E556E76E7}.AppStore|ARM.ActiveCfg = Debug|Any CPU
		{6131394F-0DEE-4ED4-AAA0-100E556E76E7}.AppStore|ARM.Build.0 = Debug|Any CPU
		{6131394F-0DEE-4ED4-AAA0-100E556E76E7}.AppStore|iPhone.ActiveCfg = Debug|Any CPU
		{6131394F-0DEE-4ED4-AAA0-100E556E76E7}.AppStore|iPhone.Build.0 = Debug|Any CPU
		{6131394F-0DEE-4ED4-AAA0-100E556E76E7}.AppStore|iPhoneSimulator.ActiveCfg = Debug|Any CPU
		{6131394F-0DEE-4ED4-AAA0-100E556E76E7}.AppStore|iPhoneSimulator.Build.0 = Debug|Any CPU
		{6131394F-0DEE-4ED4-AAA0-100E556E76E7}.AppStore|x64.ActiveCfg = Debug|Any CPU
		{6131394F-0DEE-4ED4-AAA0-100E556E76E7}.AppStore|x64.Build.0 = Debug|Any CPU
		{6131394F-0DEE-4ED4-AAA0-100E556E76E7}.AppStore|x86.ActiveCfg = Debug|Any CPU
		{6131394F-0DEE-4ED4-AAA0-100E556E76E7}.AppStore|x86.Build.0 = Debug|Any CPU
		{6131394F-0DEE-4ED4-AAA0-100E556E76E7}.Debug|Any CPU.ActiveCfg = Debug|Any CPU
		{6131394F-0DEE-4ED4-AAA0-100E556E76E7}.Debug|Any CPU.Build.0 = Debug|Any CPU
		{6131394F-0DEE-4ED4-AAA0-100E556E76E7}.Debug|ARM.ActiveCfg = Debug|Any CPU
		{6131394F-0DEE-4ED4-AAA0-100E556E76E7}.Debug|ARM.Build.0 = Debug|Any CPU
		{6131394F-0DEE-4ED4-AAA0-100E556E76E7}.Debug|iPhone.ActiveCfg = Debug|Any CPU
		{6131394F-0DEE-4ED4-AAA0-100E556E76E7}.Debug|iPhone.Build.0 = Debug|Any CPU
		{6131394F-0DEE-4ED4-AAA0-100E556E76E7}.Debug|iPhoneSimulator.ActiveCfg = Debug|Any CPU
		{6131394F-0DEE-4ED4-AAA0-100E556E76E7}.Debug|iPhoneSimulator.Build.0 = Debug|Any CPU
		{6131394F-0DEE-4ED4-AAA0-100E556E76E7}.Debug|x64.ActiveCfg = Debug|Any CPU
		{6131394F-0DEE-4ED4-AAA0-100E556E76E7}.Debug|x64.Build.0 = Debug|Any CPU
		{6131394F-0DEE-4ED4-AAA0-100E556E76E7}.Debug|x86.ActiveCfg = Debug|Any CPU
		{6131394F-0DEE-4ED4-AAA0-100E556E76E7}.Debug|x86.Build.0 = Debug|Any CPU
		{6131394F-0DEE-4ED4-AAA0-100E556E76E7}.Release|Any CPU.ActiveCfg = Release|Any CPU
		{6131394F-0DEE-4ED4-AAA0-100E556E76E7}.Release|Any CPU.Build.0 = Release|Any CPU
		{6131394F-0DEE-4ED4-AAA0-100E556E76E7}.Release|ARM.ActiveCfg = Release|Any CPU
		{6131394F-0DEE-4ED4-AAA0-100E556E76E7}.Release|ARM.Build.0 = Release|Any CPU
		{6131394F-0DEE-4ED4-AAA0-100E556E76E7}.Release|iPhone.ActiveCfg = Release|Any CPU
		{6131394F-0DEE-4ED4-AAA0-100E556E76E7}.Release|iPhone.Build.0 = Release|Any CPU
		{6131394F-0DEE-4ED4-AAA0-100E556E76E7}.Release|iPhoneSimulator.ActiveCfg = Release|Any CPU
		{6131394F-0DEE-4ED4-AAA0-100E556E76E7}.Release|iPhoneSimulator.Build.0 = Release|Any CPU
		{6131394F-0DEE-4ED4-AAA0-100E556E76E7}.Release|x64.ActiveCfg = Release|Any CPU
		{6131394F-0DEE-4ED4-AAA0-100E556E76E7}.Release|x64.Build.0 = Release|Any CPU
		{6131394F-0DEE-4ED4-AAA0-100E556E76E7}.Release|x86.ActiveCfg = Release|Any CPU
		{6131394F-0DEE-4ED4-AAA0-100E556E76E7}.Release|x86.Build.0 = Release|Any CPU
		{0FB58965-C5C8-4B12-9400-E15D8A61CC5D}.Ad-Hoc|Any CPU.ActiveCfg = Release|Any CPU
		{0FB58965-C5C8-4B12-9400-E15D8A61CC5D}.Ad-Hoc|Any CPU.Build.0 = Release|Any CPU
		{0FB58965-C5C8-4B12-9400-E15D8A61CC5D}.Ad-Hoc|Any CPU.Deploy.0 = Release|Any CPU
		{0FB58965-C5C8-4B12-9400-E15D8A61CC5D}.Ad-Hoc|ARM.ActiveCfg = Release|Any CPU
		{0FB58965-C5C8-4B12-9400-E15D8A61CC5D}.Ad-Hoc|ARM.Build.0 = Release|Any CPU
		{0FB58965-C5C8-4B12-9400-E15D8A61CC5D}.Ad-Hoc|ARM.Deploy.0 = Release|Any CPU
		{0FB58965-C5C8-4B12-9400-E15D8A61CC5D}.Ad-Hoc|iPhone.ActiveCfg = Release|Any CPU
		{0FB58965-C5C8-4B12-9400-E15D8A61CC5D}.Ad-Hoc|iPhone.Build.0 = Release|Any CPU
		{0FB58965-C5C8-4B12-9400-E15D8A61CC5D}.Ad-Hoc|iPhone.Deploy.0 = Release|Any CPU
		{0FB58965-C5C8-4B12-9400-E15D8A61CC5D}.Ad-Hoc|iPhoneSimulator.ActiveCfg = Release|Any CPU
		{0FB58965-C5C8-4B12-9400-E15D8A61CC5D}.Ad-Hoc|iPhoneSimulator.Build.0 = Release|Any CPU
		{0FB58965-C5C8-4B12-9400-E15D8A61CC5D}.Ad-Hoc|iPhoneSimulator.Deploy.0 = Release|Any CPU
		{0FB58965-C5C8-4B12-9400-E15D8A61CC5D}.Ad-Hoc|x64.ActiveCfg = Release|Any CPU
		{0FB58965-C5C8-4B12-9400-E15D8A61CC5D}.Ad-Hoc|x64.Build.0 = Release|Any CPU
		{0FB58965-C5C8-4B12-9400-E15D8A61CC5D}.Ad-Hoc|x64.Deploy.0 = Release|Any CPU
		{0FB58965-C5C8-4B12-9400-E15D8A61CC5D}.Ad-Hoc|x86.ActiveCfg = Release|Any CPU
		{0FB58965-C5C8-4B12-9400-E15D8A61CC5D}.Ad-Hoc|x86.Build.0 = Release|Any CPU
		{0FB58965-C5C8-4B12-9400-E15D8A61CC5D}.Ad-Hoc|x86.Deploy.0 = Release|Any CPU
		{0FB58965-C5C8-4B12-9400-E15D8A61CC5D}.AppStore|Any CPU.ActiveCfg = Release|Any CPU
		{0FB58965-C5C8-4B12-9400-E15D8A61CC5D}.AppStore|Any CPU.Build.0 = Release|Any CPU
		{0FB58965-C5C8-4B12-9400-E15D8A61CC5D}.AppStore|Any CPU.Deploy.0 = Release|Any CPU
		{0FB58965-C5C8-4B12-9400-E15D8A61CC5D}.AppStore|ARM.ActiveCfg = Release|Any CPU
		{0FB58965-C5C8-4B12-9400-E15D8A61CC5D}.AppStore|ARM.Build.0 = Release|Any CPU
		{0FB58965-C5C8-4B12-9400-E15D8A61CC5D}.AppStore|ARM.Deploy.0 = Release|Any CPU
		{0FB58965-C5C8-4B12-9400-E15D8A61CC5D}.AppStore|iPhone.ActiveCfg = Release|Any CPU
		{0FB58965-C5C8-4B12-9400-E15D8A61CC5D}.AppStore|iPhone.Build.0 = Release|Any CPU
		{0FB58965-C5C8-4B12-9400-E15D8A61CC5D}.AppStore|iPhone.Deploy.0 = Release|Any CPU
		{0FB58965-C5C8-4B12-9400-E15D8A61CC5D}.AppStore|iPhoneSimulator.ActiveCfg = Release|Any CPU
		{0FB58965-C5C8-4B12-9400-E15D8A61CC5D}.AppStore|iPhoneSimulator.Build.0 = Release|Any CPU
		{0FB58965-C5C8-4B12-9400-E15D8A61CC5D}.AppStore|iPhoneSimulator.Deploy.0 = Release|Any CPU
		{0FB58965-C5C8-4B12-9400-E15D8A61CC5D}.AppStore|x64.ActiveCfg = Release|Any CPU
		{0FB58965-C5C8-4B12-9400-E15D8A61CC5D}.AppStore|x64.Build.0 = Release|Any CPU
		{0FB58965-C5C8-4B12-9400-E15D8A61CC5D}.AppStore|x64.Deploy.0 = Release|Any CPU
		{0FB58965-C5C8-4B12-9400-E15D8A61CC5D}.AppStore|x86.ActiveCfg = Release|Any CPU
		{0FB58965-C5C8-4B12-9400-E15D8A61CC5D}.AppStore|x86.Build.0 = Release|Any CPU
		{0FB58965-C5C8-4B12-9400-E15D8A61CC5D}.AppStore|x86.Deploy.0 = Release|Any CPU
		{0FB58965-C5C8-4B12-9400-E15D8A61CC5D}.Debug|Any CPU.ActiveCfg = Debug|Any CPU
		{0FB58965-C5C8-4B12-9400-E15D8A61CC5D}.Debug|Any CPU.Build.0 = Debug|Any CPU
		{0FB58965-C5C8-4B12-9400-E15D8A61CC5D}.Debug|Any CPU.Deploy.0 = Debug|Any CPU
		{0FB58965-C5C8-4B12-9400-E15D8A61CC5D}.Debug|ARM.ActiveCfg = Debug|Any CPU
		{0FB58965-C5C8-4B12-9400-E15D8A61CC5D}.Debug|ARM.Build.0 = Debug|Any CPU
		{0FB58965-C5C8-4B12-9400-E15D8A61CC5D}.Debug|ARM.Deploy.0 = Debug|Any CPU
		{0FB58965-C5C8-4B12-9400-E15D8A61CC5D}.Debug|iPhone.ActiveCfg = Debug|Any CPU
		{0FB58965-C5C8-4B12-9400-E15D8A61CC5D}.Debug|iPhone.Build.0 = Debug|Any CPU
		{0FB58965-C5C8-4B12-9400-E15D8A61CC5D}.Debug|iPhone.Deploy.0 = Debug|Any CPU
		{0FB58965-C5C8-4B12-9400-E15D8A61CC5D}.Debug|iPhoneSimulator.ActiveCfg = Debug|Any CPU
		{0FB58965-C5C8-4B12-9400-E15D8A61CC5D}.Debug|iPhoneSimulator.Build.0 = Debug|Any CPU
		{0FB58965-C5C8-4B12-9400-E15D8A61CC5D}.Debug|iPhoneSimulator.Deploy.0 = Debug|Any CPU
		{0FB58965-C5C8-4B12-9400-E15D8A61CC5D}.Debug|x64.ActiveCfg = Debug|Any CPU
		{0FB58965-C5C8-4B12-9400-E15D8A61CC5D}.Debug|x64.Build.0 = Debug|Any CPU
		{0FB58965-C5C8-4B12-9400-E15D8A61CC5D}.Debug|x64.Deploy.0 = Debug|Any CPU
		{0FB58965-C5C8-4B12-9400-E15D8A61CC5D}.Debug|x86.ActiveCfg = Debug|Any CPU
		{0FB58965-C5C8-4B12-9400-E15D8A61CC5D}.Debug|x86.Build.0 = Debug|Any CPU
		{0FB58965-C5C8-4B12-9400-E15D8A61CC5D}.Debug|x86.Deploy.0 = Debug|Any CPU
		{0FB58965-C5C8-4B12-9400-E15D8A61CC5D}.Release|Any CPU.ActiveCfg = Release|Any CPU
		{0FB58965-C5C8-4B12-9400-E15D8A61CC5D}.Release|Any CPU.Build.0 = Release|Any CPU
		{0FB58965-C5C8-4B12-9400-E15D8A61CC5D}.Release|Any CPU.Deploy.0 = Release|Any CPU
		{0FB58965-C5C8-4B12-9400-E15D8A61CC5D}.Release|ARM.ActiveCfg = Release|Any CPU
		{0FB58965-C5C8-4B12-9400-E15D8A61CC5D}.Release|ARM.Build.0 = Release|Any CPU
		{0FB58965-C5C8-4B12-9400-E15D8A61CC5D}.Release|ARM.Deploy.0 = Release|Any CPU
		{0FB58965-C5C8-4B12-9400-E15D8A61CC5D}.Release|iPhone.ActiveCfg = Release|Any CPU
		{0FB58965-C5C8-4B12-9400-E15D8A61CC5D}.Release|iPhone.Build.0 = Release|Any CPU
		{0FB58965-C5C8-4B12-9400-E15D8A61CC5D}.Release|iPhone.Deploy.0 = Release|Any CPU
		{0FB58965-C5C8-4B12-9400-E15D8A61CC5D}.Release|iPhoneSimulator.ActiveCfg = Release|Any CPU
		{0FB58965-C5C8-4B12-9400-E15D8A61CC5D}.Release|iPhoneSimulator.Build.0 = Release|Any CPU
		{0FB58965-C5C8-4B12-9400-E15D8A61CC5D}.Release|iPhoneSimulator.Deploy.0 = Release|Any CPU
		{0FB58965-C5C8-4B12-9400-E15D8A61CC5D}.Release|x64.ActiveCfg = Release|Any CPU
		{0FB58965-C5C8-4B12-9400-E15D8A61CC5D}.Release|x64.Build.0 = Release|Any CPU
		{0FB58965-C5C8-4B12-9400-E15D8A61CC5D}.Release|x64.Deploy.0 = Release|Any CPU
		{0FB58965-C5C8-4B12-9400-E15D8A61CC5D}.Release|x86.ActiveCfg = Release|Any CPU
		{0FB58965-C5C8-4B12-9400-E15D8A61CC5D}.Release|x86.Build.0 = Release|Any CPU
		{0FB58965-C5C8-4B12-9400-E15D8A61CC5D}.Release|x86.Deploy.0 = Release|Any CPU
		{61E0ABBB-251C-4442-91A7-209A8AC0EF7F}.Ad-Hoc|Any CPU.ActiveCfg = Ad-Hoc|iPhone
		{61E0ABBB-251C-4442-91A7-209A8AC0EF7F}.Ad-Hoc|ARM.ActiveCfg = Ad-Hoc|iPhone
		{61E0ABBB-251C-4442-91A7-209A8AC0EF7F}.Ad-Hoc|iPhone.ActiveCfg = Ad-Hoc|iPhone
		{61E0ABBB-251C-4442-91A7-209A8AC0EF7F}.Ad-Hoc|iPhone.Build.0 = Ad-Hoc|iPhone
		{61E0ABBB-251C-4442-91A7-209A8AC0EF7F}.Ad-Hoc|iPhoneSimulator.ActiveCfg = Ad-Hoc|iPhoneSimulator
		{61E0ABBB-251C-4442-91A7-209A8AC0EF7F}.Ad-Hoc|iPhoneSimulator.Build.0 = Ad-Hoc|iPhoneSimulator
		{61E0ABBB-251C-4442-91A7-209A8AC0EF7F}.Ad-Hoc|x64.ActiveCfg = Ad-Hoc|iPhone
		{61E0ABBB-251C-4442-91A7-209A8AC0EF7F}.Ad-Hoc|x86.ActiveCfg = Ad-Hoc|iPhone
		{61E0ABBB-251C-4442-91A7-209A8AC0EF7F}.AppStore|Any CPU.ActiveCfg = AppStore|iPhone
		{61E0ABBB-251C-4442-91A7-209A8AC0EF7F}.AppStore|ARM.ActiveCfg = AppStore|iPhone
		{61E0ABBB-251C-4442-91A7-209A8AC0EF7F}.AppStore|iPhone.ActiveCfg = AppStore|iPhone
		{61E0ABBB-251C-4442-91A7-209A8AC0EF7F}.AppStore|iPhone.Build.0 = AppStore|iPhone
		{61E0ABBB-251C-4442-91A7-209A8AC0EF7F}.AppStore|iPhoneSimulator.ActiveCfg = AppStore|iPhoneSimulator
		{61E0ABBB-251C-4442-91A7-209A8AC0EF7F}.AppStore|iPhoneSimulator.Build.0 = AppStore|iPhoneSimulator
		{61E0ABBB-251C-4442-91A7-209A8AC0EF7F}.AppStore|x64.ActiveCfg = AppStore|iPhone
		{61E0ABBB-251C-4442-91A7-209A8AC0EF7F}.AppStore|x86.ActiveCfg = AppStore|iPhone
		{61E0ABBB-251C-4442-91A7-209A8AC0EF7F}.Debug|Any CPU.ActiveCfg = Debug|iPhone
		{61E0ABBB-251C-4442-91A7-209A8AC0EF7F}.Debug|ARM.ActiveCfg = Debug|iPhone
		{61E0ABBB-251C-4442-91A7-209A8AC0EF7F}.Debug|iPhone.ActiveCfg = Debug|iPhone
		{61E0ABBB-251C-4442-91A7-209A8AC0EF7F}.Debug|iPhone.Build.0 = Debug|iPhone
		{61E0ABBB-251C-4442-91A7-209A8AC0EF7F}.Debug|iPhoneSimulator.ActiveCfg = Debug|iPhoneSimulator
		{61E0ABBB-251C-4442-91A7-209A8AC0EF7F}.Debug|iPhoneSimulator.Build.0 = Debug|iPhoneSimulator
		{61E0ABBB-251C-4442-91A7-209A8AC0EF7F}.Debug|x64.ActiveCfg = Debug|iPhone
		{61E0ABBB-251C-4442-91A7-209A8AC0EF7F}.Debug|x86.ActiveCfg = Debug|iPhone
		{61E0ABBB-251C-4442-91A7-209A8AC0EF7F}.Release|Any CPU.ActiveCfg = Release|iPhone
		{61E0ABBB-251C-4442-91A7-209A8AC0EF7F}.Release|ARM.ActiveCfg = Release|iPhone
		{61E0ABBB-251C-4442-91A7-209A8AC0EF7F}.Release|iPhone.ActiveCfg = Release|iPhone
		{61E0ABBB-251C-4442-91A7-209A8AC0EF7F}.Release|iPhone.Build.0 = Release|iPhone
		{61E0ABBB-251C-4442-91A7-209A8AC0EF7F}.Release|iPhoneSimulator.ActiveCfg = Release|iPhoneSimulator
		{61E0ABBB-251C-4442-91A7-209A8AC0EF7F}.Release|iPhoneSimulator.Build.0 = Release|iPhoneSimulator
		{61E0ABBB-251C-4442-91A7-209A8AC0EF7F}.Release|x64.ActiveCfg = Release|iPhone
		{61E0ABBB-251C-4442-91A7-209A8AC0EF7F}.Release|x86.ActiveCfg = Release|iPhone
		{31E35156-7DEE-4934-BF04-1B86C0F48F58}.Ad-Hoc|Any CPU.ActiveCfg = Release|x86
		{31E35156-7DEE-4934-BF04-1B86C0F48F58}.Ad-Hoc|Any CPU.Build.0 = Release|x86
		{31E35156-7DEE-4934-BF04-1B86C0F48F58}.Ad-Hoc|Any CPU.Deploy.0 = Release|x86
		{31E35156-7DEE-4934-BF04-1B86C0F48F58}.Ad-Hoc|ARM.ActiveCfg = Release|ARM
		{31E35156-7DEE-4934-BF04-1B86C0F48F58}.Ad-Hoc|ARM.Build.0 = Release|ARM
		{31E35156-7DEE-4934-BF04-1B86C0F48F58}.Ad-Hoc|ARM.Deploy.0 = Release|ARM
		{31E35156-7DEE-4934-BF04-1B86C0F48F58}.Ad-Hoc|iPhone.ActiveCfg = Release|x86
		{31E35156-7DEE-4934-BF04-1B86C0F48F58}.Ad-Hoc|iPhone.Build.0 = Release|x86
		{31E35156-7DEE-4934-BF04-1B86C0F48F58}.Ad-Hoc|iPhone.Deploy.0 = Release|x86
		{31E35156-7DEE-4934-BF04-1B86C0F48F58}.Ad-Hoc|iPhoneSimulator.ActiveCfg = Release|x86
		{31E35156-7DEE-4934-BF04-1B86C0F48F58}.Ad-Hoc|iPhoneSimulator.Build.0 = Release|x86
		{31E35156-7DEE-4934-BF04-1B86C0F48F58}.Ad-Hoc|iPhoneSimulator.Deploy.0 = Release|x86
		{31E35156-7DEE-4934-BF04-1B86C0F48F58}.Ad-Hoc|x64.ActiveCfg = Release|x64
		{31E35156-7DEE-4934-BF04-1B86C0F48F58}.Ad-Hoc|x64.Build.0 = Release|x64
		{31E35156-7DEE-4934-BF04-1B86C0F48F58}.Ad-Hoc|x64.Deploy.0 = Release|x64
		{31E35156-7DEE-4934-BF04-1B86C0F48F58}.Ad-Hoc|x86.ActiveCfg = Release|x86
		{31E35156-7DEE-4934-BF04-1B86C0F48F58}.Ad-Hoc|x86.Build.0 = Release|x86
		{31E35156-7DEE-4934-BF04-1B86C0F48F58}.Ad-Hoc|x86.Deploy.0 = Release|x86
		{31E35156-7DEE-4934-BF04-1B86C0F48F58}.AppStore|Any CPU.ActiveCfg = Release|x86
		{31E35156-7DEE-4934-BF04-1B86C0F48F58}.AppStore|Any CPU.Build.0 = Release|x86
		{31E35156-7DEE-4934-BF04-1B86C0F48F58}.AppStore|Any CPU.Deploy.0 = Release|x86
		{31E35156-7DEE-4934-BF04-1B86C0F48F58}.AppStore|ARM.ActiveCfg = Release|ARM
		{31E35156-7DEE-4934-BF04-1B86C0F48F58}.AppStore|ARM.Build.0 = Release|ARM
		{31E35156-7DEE-4934-BF04-1B86C0F48F58}.AppStore|ARM.Deploy.0 = Release|ARM
		{31E35156-7DEE-4934-BF04-1B86C0F48F58}.AppStore|iPhone.ActiveCfg = Release|x86
		{31E35156-7DEE-4934-BF04-1B86C0F48F58}.AppStore|iPhone.Build.0 = Release|x86
		{31E35156-7DEE-4934-BF04-1B86C0F48F58}.AppStore|iPhone.Deploy.0 = Release|x86
		{31E35156-7DEE-4934-BF04-1B86C0F48F58}.AppStore|iPhoneSimulator.ActiveCfg = Release|x86
		{31E35156-7DEE-4934-BF04-1B86C0F48F58}.AppStore|iPhoneSimulator.Build.0 = Release|x86
		{31E35156-7DEE-4934-BF04-1B86C0F48F58}.AppStore|iPhoneSimulator.Deploy.0 = Release|x86
		{31E35156-7DEE-4934-BF04-1B86C0F48F58}.AppStore|x64.ActiveCfg = Release|x64
		{31E35156-7DEE-4934-BF04-1B86C0F48F58}.AppStore|x64.Build.0 = Release|x64
		{31E35156-7DEE-4934-BF04-1B86C0F48F58}.AppStore|x64.Deploy.0 = Release|x64
		{31E35156-7DEE-4934-BF04-1B86C0F48F58}.AppStore|x86.ActiveCfg = Release|x86
		{31E35156-7DEE-4934-BF04-1B86C0F48F58}.AppStore|x86.Build.0 = Release|x86
		{31E35156-7DEE-4934-BF04-1B86C0F48F58}.AppStore|x86.Deploy.0 = Release|x86
		{31E35156-7DEE-4934-BF04-1B86C0F48F58}.Debug|Any CPU.ActiveCfg = Debug|x86
		{31E35156-7DEE-4934-BF04-1B86C0F48F58}.Debug|ARM.ActiveCfg = Debug|ARM
		{31E35156-7DEE-4934-BF04-1B86C0F48F58}.Debug|ARM.Build.0 = Debug|ARM
		{31E35156-7DEE-4934-BF04-1B86C0F48F58}.Debug|ARM.Deploy.0 = Debug|ARM
		{31E35156-7DEE-4934-BF04-1B86C0F48F58}.Debug|iPhone.ActiveCfg = Debug|x86
		{31E35156-7DEE-4934-BF04-1B86C0F48F58}.Debug|iPhoneSimulator.ActiveCfg = Debug|x86
		{31E35156-7DEE-4934-BF04-1B86C0F48F58}.Debug|x64.ActiveCfg = Debug|x64
		{31E35156-7DEE-4934-BF04-1B86C0F48F58}.Debug|x64.Build.0 = Debug|x64
		{31E35156-7DEE-4934-BF04-1B86C0F48F58}.Debug|x64.Deploy.0 = Debug|x64
		{31E35156-7DEE-4934-BF04-1B86C0F48F58}.Debug|x86.ActiveCfg = Debug|x86
		{31E35156-7DEE-4934-BF04-1B86C0F48F58}.Debug|x86.Build.0 = Debug|x86
		{31E35156-7DEE-4934-BF04-1B86C0F48F58}.Debug|x86.Deploy.0 = Debug|x86
		{31E35156-7DEE-4934-BF04-1B86C0F48F58}.Release|Any CPU.ActiveCfg = Release|x86
		{31E35156-7DEE-4934-BF04-1B86C0F48F58}.Release|ARM.ActiveCfg = Release|ARM
		{31E35156-7DEE-4934-BF04-1B86C0F48F58}.Release|ARM.Build.0 = Release|ARM
		{31E35156-7DEE-4934-BF04-1B86C0F48F58}.Release|ARM.Deploy.0 = Release|ARM
		{31E35156-7DEE-4934-BF04-1B86C0F48F58}.Release|iPhone.ActiveCfg = Release|x86
		{31E35156-7DEE-4934-BF04-1B86C0F48F58}.Release|iPhoneSimulator.ActiveCfg = Release|x86
		{31E35156-7DEE-4934-BF04-1B86C0F48F58}.Release|x64.ActiveCfg = Release|x64
		{31E35156-7DEE-4934-BF04-1B86C0F48F58}.Release|x64.Build.0 = Release|x64
		{31E35156-7DEE-4934-BF04-1B86C0F48F58}.Release|x64.Deploy.0 = Release|x64
		{31E35156-7DEE-4934-BF04-1B86C0F48F58}.Release|x86.ActiveCfg = Release|x86
		{31E35156-7DEE-4934-BF04-1B86C0F48F58}.Release|x86.Build.0 = Release|x86
		{31E35156-7DEE-4934-BF04-1B86C0F48F58}.Release|x86.Deploy.0 = Release|x86
	EndGlobalSection
	GlobalSection(SolutionProperties) = preSolution
		HideSolutionNode = FALSE
	EndGlobalSection
	GlobalSection(ExtensibilityGlobals) = postSolution
		SolutionGuid = {D4743BDA-F27E-481B-9636-F38FEA879E2C}
	EndGlobalSection
EndGlobal
